
Microsoft Visual Studio Solution File, Format Version 12.00
# Visual Studio Version 16
VisualStudioVersion = 16.0.29424.173
MinimumVisualStudioVersion = 10.0.40219.1
Project("{FAE04EC0-301F-11D3-BF4B-00C04F79EFBC}") = "Parts", "Models\Parts.csproj", "{707F585F-D91C-4185-8680-37E5055FFACC}"
EndProject
Project("{2150E333-8FDC-42A3-9474-1A3956D46DE8}") = "Shared", "Shared", "{F9A54030-DF1E-48FE-AFE3-F4D77D5E4028}"
EndProject
Project("{2150E333-8FDC-42A3-9474-1A3956D46DE8}") = "Tests", "Tests", "{D6A8881E-5635-497C-AA2B-AC676CF4DC48}"
EndProject
Project("{2150E333-8FDC-42A3-9474-1A3956D46DE8}") = "Notes", "Notes", "{E62FD6E0-FA1E-4798-A135-64F0567C9D2E}"
EndProject
Project("{2150E333-8FDC-42A3-9474-1A3956D46DE8}") = "Projects", "Projects", "{CF543DD7-3A16-49CF-A664-EBCE5120C2CF}"
	ProjectSection(SolutionItems) = preProject
		LetsBuildACar.txt = LetsBuildACar.txt
	EndProjectSection
EndProject
Project("{2150E333-8FDC-42A3-9474-1A3956D46DE8}") = "Workspace", "Workspace", "{E150E1FE-E81F-46E3-AFAB-785CE75F27F6}"
EndProject
Project("{2150E333-8FDC-42A3-9474-1A3956D46DE8}") = "LetsBuildACar", "LetsBuildACar", "{1E5222C6-57B6-47BD-A142-5B00D268CF8E}"
EndProject
Project("{2150E333-8FDC-42A3-9474-1A3956D46DE8}") = "Repository", "Repository", "{4A758E4C-8906-4CD4-8164-61583CBC1E77}"
EndProject
Project("{FAE04EC0-301F-11D3-BF4B-00C04F79EFBC}") = "Inventory", "Inventory\Inventory.csproj", "{6CC51232-70B4-4E48-A498-44954CE899A6}"
EndProject
Project("{FAE04EC0-301F-11D3-BF4B-00C04F79EFBC}") = "Assembly", "Assembly\Assembly.csproj", "{C3B71CF7-B694-47A9-A752-69B450B1B82C}"
EndProject
Project("{FAE04EC0-301F-11D3-BF4B-00C04F79EFBC}") = "Sales", "Sales\Sales.csproj", "{DEF311CE-BC67-4E59-B7E3-143B1FD9CA0B}"
EndProject
Project("{2150E333-8FDC-42A3-9474-1A3956D46DE8}") = "LetsBuildACar", "LetsBuildACar", "{CF6728AF-431F-48D8-AA69-E27933594CCB}"
EndProject
Project("{FAE04EC0-301F-11D3-BF4B-00C04F79EFBC}") = "CrashTests", "CrashTests\NUnitTestProject1\CrashTests.csproj", "{09C66505-BD92-41E8-8C59-6735A5DB0D17}"
EndProject
Project("{2150E333-8FDC-42A3-9474-1A3956D46DE8}") = "LetsBuildACar", "LetsBuildACar", "{7CD8137F-BEB0-4694-82FB-6F13705589D7}"
EndProject
Project("{2150E333-8FDC-42A3-9474-1A3956D46DE8}") = "2021", "2021", "{70B6BFC5-A430-4A41-9571-C156563C80B0}"
EndProject
Global
	GlobalSection(SolutionConfigurationPlatforms) = preSolution
		Debug|Any CPU = Debug|Any CPU
		Release|Any CPU = Release|Any CPU
	EndGlobalSection
	GlobalSection(ProjectConfigurationPlatforms) = postSolution
		{707F585F-D91C-4185-8680-37E5055FFACC}.Debug|Any CPU.ActiveCfg = Debug|Any CPU
		{707F585F-D91C-4185-8680-37E5055FFACC}.Debug|Any CPU.Build.0 = Debug|Any CPU
		{707F585F-D91C-4185-8680-37E5055FFACC}.Release|Any CPU.ActiveCfg = Release|Any CPU
		{707F585F-D91C-4185-8680-37E5055FFACC}.Release|Any CPU.Build.0 = Release|Any CPU
		{6CC51232-70B4-4E48-A498-44954CE899A6}.Debug|Any CPU.ActiveCfg = Debug|Any CPU
		{6CC51232-70B4-4E48-A498-44954CE899A6}.Debug|Any CPU.Build.0 = Debug|Any CPU
		{6CC51232-70B4-4E48-A498-44954CE899A6}.Release|Any CPU.ActiveCfg = Release|Any CPU
		{6CC51232-70B4-4E48-A498-44954CE899A6}.Release|Any CPU.Build.0 = Release|Any CPU
		{C3B71CF7-B694-47A9-A752-69B450B1B82C}.Debug|Any CPU.ActiveCfg = Debug|Any CPU
		{C3B71CF7-B694-47A9-A752-69B450B1B82C}.Debug|Any CPU.Build.0 = Debug|Any CPU
		{C3B71CF7-B694-47A9-A752-69B450B1B82C}.Release|Any CPU.ActiveCfg = Release|Any CPU
		{C3B71CF7-B694-47A9-A752-69B450B1B82C}.Release|Any CPU.Build.0 = Release|Any CPU
		{DEF311CE-BC67-4E59-B7E3-143B1FD9CA0B}.Debug|Any CPU.ActiveCfg = Debug|Any CPU
		{DEF311CE-BC67-4E59-B7E3-143B1FD9CA0B}.Debug|Any CPU.Build.0 = Debug|Any CPU
		{DEF311CE-BC67-4E59-B7E3-143B1FD9CA0B}.Release|Any CPU.ActiveCfg = Release|Any CPU
		{DEF311CE-BC67-4E59-B7E3-143B1FD9CA0B}.Release|Any CPU.Build.0 = Release|Any CPU
		{09C66505-BD92-41E8-8C59-6735A5DB0D17}.Debug|Any CPU.ActiveCfg = Debug|Any CPU
		{09C66505-BD92-41E8-8C59-6735A5DB0D17}.Debug|Any CPU.Build.0 = Debug|Any CPU
		{09C66505-BD92-41E8-8C59-6735A5DB0D17}.Release|Any CPU.ActiveCfg = Release|Any CPU
		{09C66505-BD92-41E8-8C59-6735A5DB0D17}.Release|Any CPU.Build.0 = Release|Any CPU
	EndGlobalSection
	GlobalSection(SolutionProperties) = preSolution
		HideSolutionNode = FALSE
	EndGlobalSection
	GlobalSection(NestedProjects) = preSolution
		{707F585F-D91C-4185-8680-37E5055FFACC} = {7CD8137F-BEB0-4694-82FB-6F13705589D7}
		{1E5222C6-57B6-47BD-A142-5B00D268CF8E} = {E150E1FE-E81F-46E3-AFAB-785CE75F27F6}
		{4A758E4C-8906-4CD4-8164-61583CBC1E77} = {7CD8137F-BEB0-4694-82FB-6F13705589D7}
		{6CC51232-70B4-4E48-A498-44954CE899A6} = {1E5222C6-57B6-47BD-A142-5B00D268CF8E}
		{C3B71CF7-B694-47A9-A752-69B450B1B82C} = {1E5222C6-57B6-47BD-A142-5B00D268CF8E}
		{DEF311CE-BC67-4E59-B7E3-143B1FD9CA0B} = {1E5222C6-57B6-47BD-A142-5B00D268CF8E}
		{CF6728AF-431F-48D8-AA69-E27933594CCB} = {D6A8881E-5635-497C-AA2B-AC676CF4DC48}
		{09C66505-BD92-41E8-8C59-6735A5DB0D17} = {CF6728AF-431F-48D8-AA69-E27933594CCB}
		{7CD8137F-BEB0-4694-82FB-6F13705589D7} = {F9A54030-DF1E-48FE-AFE3-F4D77D5E4028}
		{70B6BFC5-A430-4A41-9571-C156563C80B0} = {7CD8137F-BEB0-4694-82FB-6F13705589D7}
	EndGlobalSection
	GlobalSection(ExtensibilityGlobals) = postSolution
		SolutionGuid = {1539094F-A875-448B-899F-EA88AD9DC2E0}
	EndGlobalSection
EndGlobal
