
Microsoft Visual Studio Solution File, Format Version 12.00
# Visual Studio Version 16
VisualStudioVersion = 16.0.29424.173
MinimumVisualStudioVersion = 10.0.40219.1
Project("{FAE04EC0-301F-11D3-BF4B-00C04F79EFBC}") = "Models", "Models\Models.csproj", "{707F585F-D91C-4185-8680-37E5055FFACC}"
EndProject
Global
	GlobalSection(SolutionConfigurationPlatforms) = preSolution
		Debug|Any CPU = Debug|Any CPU
		Release|Any CPU = Release|Any CPU
	EndGlobalSection
	GlobalSection(ProjectConfigurationPlatforms) = postSolution
		{707F585F-D91C-4185-8680-37E5055FFACC}.Debug|Any CPU.ActiveCfg = Debug|Any CPU
		{707F585F-D91C-4185-8680-37E5055FFACC}.Debug|Any CPU.Build.0 = Debug|Any CPU
		{707F585F-D91C-4185-8680-37E5055FFACC}.Release|Any CPU.ActiveCfg = Release|Any CPU
		{707F585F-D91C-4185-8680-37E5055FFACC}.Release|Any CPU.Build.0 = Release|Any CPU
	EndGlobalSection
	GlobalSection(SolutionProperties) = preSolution
		HideSolutionNode = FALSE
	EndGlobalSection
	GlobalSection(ExtensibilityGlobals) = postSolution
		SolutionGuid = {1539094F-A875-448B-899F-EA88AD9DC2E0}
	EndGlobalSection
EndGlobal
